
Microsoft Visual Studio Solution File, Format Version 12.00
# Visual Studio 15
VisualStudioVersion = 15.0.28010.2046
MinimumVisualStudioVersion = 10.0.40219.1
Project("{F184B08F-C81C-45F6-A57F-5ABD9991F28F}") = "JetStream", "JetStream\JetStream.vbproj", "{4D97B9F9-4505-403B-B57C-C2787072FBD9}"
EndProject
Global
	GlobalSection(SolutionConfigurationPlatforms) = preSolution
		Debug|Any CPU = Debug|Any CPU
		Release|Any CPU = Release|Any CPU
	EndGlobalSection
	GlobalSection(ProjectConfigurationPlatforms) = postSolution
		{4D97B9F9-4505-403B-B57C-C2787072FBD9}.Debug|Any CPU.ActiveCfg = Debug|Any CPU
		{4D97B9F9-4505-403B-B57C-C2787072FBD9}.Debug|Any CPU.Build.0 = Debug|Any CPU
		{4D97B9F9-4505-403B-B57C-C2787072FBD9}.Release|Any CPU.ActiveCfg = Release|Any CPU
		{4D97B9F9-4505-403B-B57C-C2787072FBD9}.Release|Any CPU.Build.0 = Release|Any CPU
	EndGlobalSection
	GlobalSection(SolutionProperties) = preSolution
		HideSolutionNode = FALSE
	EndGlobalSection
	GlobalSection(ExtensibilityGlobals) = postSolution
		SolutionGuid = {63F2E36B-A077-4CBC-8467-865AAF917637}
	EndGlobalSection
EndGlobal
